// !$*UTF8*$!
{
	archiveVersion = 1;
	classes = {
	};
	objectVersion = 46;
	objects = {

/* Begin PBXBuildFile section */
		2B446ED52B0BB33BB356B676 /* libPods.a in Frameworks */ = {isa = PBXBuildFile; fileRef = 924FD25A4F6D8B8221478485 /* libPods.a */; };
		5CB59F9B1B691F6E00D28B01 /* main.m in Sources */ = {isa = PBXBuildFile; fileRef = 5CB59F9A1B691F6E00D28B01 /* main.m */; };
		5CB59F9E1B691F6E00D28B01 /* AppDelegate.m in Sources */ = {isa = PBXBuildFile; fileRef = 5CB59F9D1B691F6E00D28B01 /* AppDelegate.m */; };
		5CB59FA11B691F6E00D28B01 /* ViewController.m in Sources */ = {isa = PBXBuildFile; fileRef = 5CB59FA01B691F6E00D28B01 /* ViewController.m */; };
		5CB59FA41B691F6E00D28B01 /* Main.storyboard in Resources */ = {isa = PBXBuildFile; fileRef = 5CB59FA21B691F6E00D28B01 /* Main.storyboard */; };
		5CB59FA61B691F6E00D28B01 /* Images.xcassets in Resources */ = {isa = PBXBuildFile; fileRef = 5CB59FA51B691F6E00D28B01 /* Images.xcassets */; };
		5CB59FA91B691F6E00D28B01 /* LaunchScreen.xib in Resources */ = {isa = PBXBuildFile; fileRef = 5CB59FA71B691F6E00D28B01 /* LaunchScreen.xib */; };
		5CB59FB51B691F6E00D28B01 /* talkingAITests.m in Sources */ = {isa = PBXBuildFile; fileRef = 5CB59FB41B691F6E00D28B01 /* talkingAITests.m */; };
/* End PBXBuildFile section */

/* Begin PBXContainerItemProxy section */
		5CB59FAF1B691F6E00D28B01 /* PBXContainerItemProxy */ = {
			isa = PBXContainerItemProxy;
			containerPortal = 5CB59F8D1B691F6E00D28B01 /* Project object */;
			proxyType = 1;
			remoteGlobalIDString = 5CB59F941B691F6E00D28B01;
			remoteInfo = talkingAI;
		};
/* End PBXContainerItemProxy section */

/* Begin PBXFileReference section */
		06ED2DB8CAB7E8D0AD18348B /* Pods.release.xcconfig */ = {isa = PBXFileReference; includeInIndex = 1; lastKnownFileType = text.xcconfig; name = Pods.release.xcconfig; path = "Pods/Target Support Files/Pods/Pods.release.xcconfig"; sourceTree = "<group>"; };
		5CB59F951B691F6E00D28B01 /* talkingAI.app */ = {isa = PBXFileReference; explicitFileType = wrapper.application; includeInIndex = 0; path = talkingAI.app; sourceTree = BUILT_PRODUCTS_DIR; };
		5CB59F991B691F6E00D28B01 /* Info.plist */ = {isa = PBXFileReference; lastKnownFileType = text.plist.xml; path = Info.plist; sourceTree = "<group>"; };
		5CB59F9A1B691F6E00D28B01 /* main.m */ = {isa = PBXFileReference; lastKnownFileType = sourcecode.c.objc; path = main.m; sourceTree = "<group>"; };
		5CB59F9C1B691F6E00D28B01 /* AppDelegate.h */ = {isa = PBXFileReference; lastKnownFileType = sourcecode.c.h; path = AppDelegate.h; sourceTree = "<group>"; };
		5CB59F9D1B691F6E00D28B01 /* AppDelegate.m */ = {isa = PBXFileReference; lastKnownFileType = sourcecode.c.objc; path = AppDelegate.m; sourceTree = "<group>"; };
		5CB59F9F1B691F6E00D28B01 /* ViewController.h */ = {isa = PBXFileReference; lastKnownFileType = sourcecode.c.h; path = ViewController.h; sourceTree = "<group>"; };
		5CB59FA01B691F6E00D28B01 /* ViewController.m */ = {isa = PBXFileReference; lastKnownFileType = sourcecode.c.objc; path = ViewController.m; sourceTree = "<group>"; };
		5CB59FA31B691F6E00D28B01 /* Base */ = {isa = PBXFileReference; lastKnownFileType = file.storyboard; name = Base; path = Base.lproj/Main.storyboard; sourceTree = "<group>"; };
		5CB59FA51B691F6E00D28B01 /* Images.xcassets */ = {isa = PBXFileReference; lastKnownFileType = folder.assetcatalog; path = Images.xcassets; sourceTree = "<group>"; };
		5CB59FA81B691F6E00D28B01 /* Base */ = {isa = PBXFileReference; lastKnownFileType = file.xib; name = Base; path = Base.lproj/LaunchScreen.xib; sourceTree = "<group>"; };
		5CB59FAE1B691F6E00D28B01 /* talkingAITests.xctest */ = {isa = PBXFileReference; explicitFileType = wrapper.cfbundle; includeInIndex = 0; path = talkingAITests.xctest; sourceTree = BUILT_PRODUCTS_DIR; };
		5CB59FB31B691F6E00D28B01 /* Info.plist */ = {isa = PBXFileReference; lastKnownFileType = text.plist.xml; path = Info.plist; sourceTree = "<group>"; };
		5CB59FB41B691F6E00D28B01 /* talkingAITests.m */ = {isa = PBXFileReference; lastKnownFileType = sourcecode.c.objc; path = talkingAITests.m; sourceTree = "<group>"; };
		675FFF0DB7615A924EE64E04 /* Pods.debug.xcconfig */ = {isa = PBXFileReference; includeInIndex = 1; lastKnownFileType = text.xcconfig; name = Pods.debug.xcconfig; path = "Pods/Target Support Files/Pods/Pods.debug.xcconfig"; sourceTree = "<group>"; };
		924FD25A4F6D8B8221478485 /* libPods.a */ = {isa = PBXFileReference; explicitFileType = archive.ar; includeInIndex = 0; path = libPods.a; sourceTree = BUILT_PRODUCTS_DIR; };
/* End PBXFileReference section */

/* Begin PBXFrameworksBuildPhase section */
		5CB59F921B691F6E00D28B01 /* Frameworks */ = {
			isa = PBXFrameworksBuildPhase;
			buildActionMask = 2147483647;
			files = (
				2B446ED52B0BB33BB356B676 /* libPods.a in Frameworks */,
			);
			runOnlyForDeploymentPostprocessing = 0;
		};
		5CB59FAB1B691F6E00D28B01 /* Frameworks */ = {
			isa = PBXFrameworksBuildPhase;
			buildActionMask = 2147483647;
			files = (
			);
			runOnlyForDeploymentPostprocessing = 0;
		};
/* End PBXFrameworksBuildPhase section */

/* Begin PBXGroup section */
		1FBF688C47D26B68F67E317A /* Frameworks */ = {
			isa = PBXGroup;
			children = (
				924FD25A4F6D8B8221478485 /* libPods.a */,
			);
			name = Frameworks;
			sourceTree = "<group>";
		};
		2B856C7F110DAA2A0CF69E31 /* Pods */ = {
			isa = PBXGroup;
			children = (
				675FFF0DB7615A924EE64E04 /* Pods.debug.xcconfig */,
				06ED2DB8CAB7E8D0AD18348B /* Pods.release.xcconfig */,
			);
			name = Pods;
			sourceTree = "<group>";
		};
		5CB59F8C1B691F6E00D28B01 = {
			isa = PBXGroup;
			children = (
				5CB59F971B691F6E00D28B01 /* talkingAI */,
				5CB59FB11B691F6E00D28B01 /* talkingAITests */,
				5CB59F961B691F6E00D28B01 /* Products */,
				2B856C7F110DAA2A0CF69E31 /* Pods */,
				1FBF688C47D26B68F67E317A /* Frameworks */,
			);
			sourceTree = "<group>";
		};
		5CB59F961B691F6E00D28B01 /* Products */ = {
			isa = PBXGroup;
			children = (
				5CB59F951B691F6E00D28B01 /* talkingAI.app */,
				5CB59FAE1B691F6E00D28B01 /* talkingAITests.xctest */,
			);
			name = Products;
			sourceTree = "<group>";
		};
		5CB59F971B691F6E00D28B01 /* talkingAI */ = {
			isa = PBXGroup;
			children = (
				5CB59F9C1B691F6E00D28B01 /* AppDelegate.h */,
				5CB59F9D1B691F6E00D28B01 /* AppDelegate.m */,
				5CB59F9F1B691F6E00D28B01 /* ViewController.h */,
				5CB59FA01B691F6E00D28B01 /* ViewController.m */,
				5CB59FA21B691F6E00D28B01 /* Main.storyboard */,
				5CB59FA51B691F6E00D28B01 /* Images.xcassets */,
				5CB59FA71B691F6E00D28B01 /* LaunchScreen.xib */,
				5CB59F981B691F6E00D28B01 /* Supporting Files */,
			);
			path = talkingAI;
			sourceTree = "<group>";
		};
		5CB59F981B691F6E00D28B01 /* Supporting Files */ = {
			isa = PBXGroup;
			children = (
				5CB59F991B691F6E00D28B01 /* Info.plist */,
				5CB59F9A1B691F6E00D28B01 /* main.m */,
			);
			name = "Supporting Files";
			sourceTree = "<group>";
		};
		5CB59FB11B691F6E00D28B01 /* talkingAITests */ = {
			isa = PBXGroup;
			children = (
				5CB59FB41B691F6E00D28B01 /* talkingAITests.m */,
				5CB59FB21B691F6E00D28B01 /* Supporting Files */,
			);
			path = talkingAITests;
			sourceTree = "<group>";
		};
		5CB59FB21B691F6E00D28B01 /* Supporting Files */ = {
			isa = PBXGroup;
			children = (
				5CB59FB31B691F6E00D28B01 /* Info.plist */,
			);
			name = "Supporting Files";
			sourceTree = "<group>";
		};
/* End PBXGroup section */

/* Begin PBXNativeTarget section */
		5CB59F941B691F6E00D28B01 /* talkingAI */ = {
			isa = PBXNativeTarget;
			buildConfigurationList = 5CB59FB81B691F6E00D28B01 /* Build configuration list for PBXNativeTarget "talkingAI" */;
			buildPhases = (
				34C4A7AA7DF60E6EA6FBEB5F /* Check Pods Manifest.lock */,
				5CB59F911B691F6E00D28B01 /* Sources */,
				5CB59F921B691F6E00D28B01 /* Frameworks */,
				5CB59F931B691F6E00D28B01 /* Resources */,
				2F1D60CA1AA468756AF1127D /* Copy Pods Resources */,
			);
			buildRules = (
			);
			dependencies = (
			);
			name = talkingAI;
			productName = talkingAI;
			productReference = 5CB59F951B691F6E00D28B01 /* talkingAI.app */;
			productType = "com.apple.product-type.application";
		};
		5CB59FAD1B691F6E00D28B01 /* talkingAITests */ = {
			isa = PBXNativeTarget;
			buildConfigurationList = 5CB59FBB1B691F6E00D28B01 /* Build configuration list for PBXNativeTarget "talkingAITests" */;
			buildPhases = (
				5CB59FAA1B691F6E00D28B01 /* Sources */,
				5CB59FAB1B691F6E00D28B01 /* Frameworks */,
				5CB59FAC1B691F6E00D28B01 /* Resources */,
			);
			buildRules = (
			);
			dependencies = (
				5CB59FB01B691F6E00D28B01 /* PBXTargetDependency */,
			);
			name = talkingAITests;
			productName = talkingAITests;
			productReference = 5CB59FAE1B691F6E00D28B01 /* talkingAITests.xctest */;
			productType = "com.apple.product-type.bundle.unit-test";
		};
/* End PBXNativeTarget section */

/* Begin PBXProject section */
		5CB59F8D1B691F6E00D28B01 /* Project object */ = {
			isa = PBXProject;
			attributes = {
				LastUpgradeCheck = 0620;
				ORGANIZATIONNAME = zerd;
				TargetAttributes = {
					5CB59F941B691F6E00D28B01 = {
						CreatedOnToolsVersion = 6.2;
					};
					5CB59FAD1B691F6E00D28B01 = {
						CreatedOnToolsVersion = 6.2;
						TestTargetID = 5CB59F941B691F6E00D28B01;
					};
				};
			};
			buildConfigurationList = 5CB59F901B691F6E00D28B01 /* Build configuration list for PBXProject "talkingAI" */;
			compatibilityVersion = "Xcode 3.2";
			developmentRegion = English;
			hasScannedForEncodings = 0;
			knownRegions = (
				en,
				Base,
			);
			mainGroup = 5CB59F8C1B691F6E00D28B01;
			productRefGroup = 5CB59F961B691F6E00D28B01 /* Products */;
			projectDirPath = "";
			projectRoot = "";
			targets = (
				5CB59F941B691F6E00D28B01 /* talkingAI */,
				5CB59FAD1B691F6E00D28B01 /* talkingAITests */,
			);
		};
/* End PBXProject section */

/* Begin PBXResourcesBuildPhase section */
		5CB59F931B691F6E00D28B01 /* Resources */ = {
			isa = PBXResourcesBuildPhase;
			buildActionMask = 2147483647;
			files = (
				5CB59FA41B691F6E00D28B01 /* Main.storyboard in Resources */,
				5CB59FA91B691F6E00D28B01 /* LaunchScreen.xib in Resources */,
				5CB59FA61B691F6E00D28B01 /* Images.xcassets in Resources */,
			);
			runOnlyForDeploymentPostprocessing = 0;
		};
		5CB59FAC1B691F6E00D28B01 /* Resources */ = {
			isa = PBXResourcesBuildPhase;
			buildActionMask = 2147483647;
			files = (
			);
			runOnlyForDeploymentPostprocessing = 0;
		};
/* End PBXResourcesBuildPhase section */

/* Begin PBXShellScriptBuildPhase section */
		2F1D60CA1AA468756AF1127D /* Copy Pods Resources */ = {
			isa = PBXShellScriptBuildPhase;
			buildActionMask = 2147483647;
			files = (
			);
			inputPaths = (
			);
			name = "Copy Pods Resources";
			outputPaths = (
			);
			runOnlyForDeploymentPostprocessing = 0;
			shellPath = /bin/sh;
			shellScript = "\"${SRCROOT}/Pods/Target Support Files/Pods/Pods-resources.sh\"\n";
			showEnvVarsInLog = 0;
		};
		34C4A7AA7DF60E6EA6FBEB5F /* Check Pods Manifest.lock */ = {
			isa = PBXShellScriptBuildPhase;
			buildActionMask = 2147483647;
			files = (
			);
			inputPaths = (
			);
			name = "Check Pods Manifest.lock";
			outputPaths = (
			);
			runOnlyForDeploymentPostprocessing = 0;
			shellPath = /bin/sh;
			shellScript = "diff \"${PODS_ROOT}/../Podfile.lock\" \"${PODS_ROOT}/Manifest.lock\" > /dev/null\nif [[ $? != 0 ]] ; then\n    cat << EOM\nerror: The sandbox is not in sync with the Podfile.lock. Run 'pod install' or update your CocoaPods installation.\nEOM\n    exit 1\nfi\n";
			showEnvVarsInLog = 0;
		};
/* End PBXShellScriptBuildPhase section */

/* Begin PBXSourcesBuildPhase section */
		5CB59F911B691F6E00D28B01 /* Sources */ = {
			isa = PBXSourcesBuildPhase;
			buildActionMask = 2147483647;
			files = (
				5CB59FA11B691F6E00D28B01 /* ViewController.m in Sources */,
				5CB59F9E1B691F6E00D28B01 /* AppDelegate.m in Sources */,
				5CB59F9B1B691F6E00D28B01 /* main.m in Sources */,
			);
			runOnlyForDeploymentPostprocessing = 0;
		};
		5CB59FAA1B691F6E00D28B01 /* Sources */ = {
			isa = PBXSourcesBuildPhase;
			buildActionMask = 2147483647;
			files = (
				5CB59FB51B691F6E00D28B01 /* talkingAITests.m in Sources */,
			);
			runOnlyForDeploymentPostprocessing = 0;
		};
/* End PBXSourcesBuildPhase section */

/* Begin PBXTargetDependency section */
		5CB59FB01B691F6E00D28B01 /* PBXTargetDependency */ = {
			isa = PBXTargetDependency;
			target = 5CB59F941B691F6E00D28B01 /* talkingAI */;
			targetProxy = 5CB59FAF1B691F6E00D28B01 /* PBXContainerItemProxy */;
		};
/* End PBXTargetDependency section */

/* Begin PBXVariantGroup section */
		5CB59FA21B691F6E00D28B01 /* Main.storyboard */ = {
			isa = PBXVariantGroup;
			children = (
				5CB59FA31B691F6E00D28B01 /* Base */,
			);
			name = Main.storyboard;
			sourceTree = "<group>";
		};
		5CB59FA71B691F6E00D28B01 /* LaunchScreen.xib */ = {
			isa = PBXVariantGroup;
			children = (
				5CB59FA81B691F6E00D28B01 /* Base */,
			);
			name = LaunchScreen.xib;
			sourceTree = "<group>";
		};
/* End PBXVariantGroup section */

/* Begin XCBuildConfiguration section */
		5CB59FB61B691F6E00D28B01 /* Debug */ = {
			isa = XCBuildConfiguration;
			buildSettings = {
				ALWAYS_SEARCH_USER_PATHS = NO;
				CLANG_CXX_LANGUAGE_STANDARD = "gnu++0x";
				CLANG_CXX_LIBRARY = "libc++";
				CLANG_ENABLE_MODULES = YES;
				CLANG_ENABLE_OBJC_ARC = YES;
				CLANG_WARN_BOOL_CONVERSION = YES;
				CLANG_WARN_CONSTANT_CONVERSION = YES;
				CLANG_WARN_DIRECT_OBJC_ISA_USAGE = YES_ERROR;
				CLANG_WARN_EMPTY_BODY = YES;
				CLANG_WARN_ENUM_CONVERSION = YES;
				CLANG_WARN_INT_CONVERSION = YES;
				CLANG_WARN_OBJC_ROOT_CLASS = YES_ERROR;
				CLANG_WARN_UNREACHABLE_CODE = YES;
				CLANG_WARN__DUPLICATE_METHOD_MATCH = YES;
				"CODE_SIGN_IDENTITY[sdk=iphoneos*]" = "iPhone Developer";
				COPY_PHASE_STRIP = NO;
				ENABLE_STRICT_OBJC_MSGSEND = YES;
				GCC_C_LANGUAGE_STANDARD = gnu99;
				GCC_DYNAMIC_NO_PIC = NO;
				GCC_OPTIMIZATION_LEVEL = 0;
				GCC_PREPROCESSOR_DEFINITIONS = (
					"DEBUG=1",
					"$(inherited)",
				);
				GCC_SYMBOLS_PRIVATE_EXTERN = NO;
				GCC_WARN_64_TO_32_BIT_CONVERSION = YES;
				GCC_WARN_ABOUT_RETURN_TYPE = YES_ERROR;
				GCC_WARN_UNDECLARED_SELECTOR = YES;
				GCC_WARN_UNINITIALIZED_AUTOS = YES_AGGRESSIVE;
				GCC_WARN_UNUSED_FUNCTION = YES;
				GCC_WARN_UNUSED_VARIABLE = YES;
				IPHONEOS_DEPLOYMENT_TARGET = 8.2;
				MTL_ENABLE_DEBUG_INFO = YES;
				ONLY_ACTIVE_ARCH = YES;
				SDKROOT = iphoneos;
				TARGETED_DEVICE_FAMILY = "1,2";
			};
			name = Debug;
		};
		5CB59FB71B691F6E00D28B01 /* Release */ = {
			isa = XCBuildConfiguration;
			buildSettings = {
				ALWAYS_SEARCH_USER_PATHS = NO;
				CLANG_CXX_LANGUAGE_STANDARD = "gnu++0x";
				CLANG_CXX_LIBRARY = "libc++";
				CLANG_ENABLE_MODULES = YES;
				CLANG_ENABLE_OBJC_ARC = YES;
				CLANG_WARN_BOOL_CONVERSION = YES;
				CLANG_WARN_CONSTANT_CONVERSION = YES;
				CLANG_WARN_DIRECT_OBJC_ISA_USAGE = YES_ERROR;
				CLANG_WARN_EMPTY_BODY = YES;
				CLANG_WARN_ENUM_CONVERSION = YES;
				CLANG_WARN_INT_CONVERSION = YES;
				CLANG_WARN_OBJC_ROOT_CLASS = YES_ERROR;
				CLANG_WARN_UNREACHABLE_CODE = YES;
				CLANG_WARN__DUPLICATE_METHOD_MATCH = YES;
				"CODE_SIGN_IDENTITY[sdk=iphoneos*]" = "iPhone Developer";
				COPY_PHASE_STRIP = NO;
				ENABLE_NS_ASSERTIONS = NO;
				ENABLE_STRICT_OBJC_MSGSEND = YES;
				GCC_C_LANGUAGE_STANDARD = gnu99;
				GCC_WARN_64_TO_32_BIT_CONVERSION = YES;
				GCC_WARN_ABOUT_RETURN_TYPE = YES_ERROR;
				GCC_WARN_UNDECLARED_SELECTOR = YES;
				GCC_WARN_UNINITIALIZED_AUTOS = YES_AGGRESSIVE;
				GCC_WARN_UNUSED_FUNCTION = YES;
				GCC_WARN_UNUSED_VARIABLE = YES;
				IPHONEOS_DEPLOYMENT_TARGET = 8.2;
				MTL_ENABLE_DEBUG_INFO = NO;
				SDKROOT = iphoneos;
				TARGETED_DEVICE_FAMILY = "1,2";
				VALIDATE_PRODUCT = YES;
			};
			name = Release;
		};
		5CB59FB91B691F6E00D28B01 /* Debug */ = {
			isa = XCBuildConfiguration;
			baseConfigurationReference = 675FFF0DB7615A924EE64E04 /* Pods.debug.xcconfig */;
			buildSettings = {
				ASSETCATALOG_COMPILER_APPICON_NAME = AppIcon;
				INFOPLIST_FILE = talkingAI/Info.plist;
				LD_RUNPATH_SEARCH_PATHS = "$(inherited) @executable_path/Frameworks";
				PRODUCT_NAME = "$(TARGET_NAME)";
			};
			name = Debug;
		};
		5CB59FBA1B691F6E00D28B01 /* Release */ = {
			isa = XCBuildConfiguration;
			baseConfigurationReference = 06ED2DB8CAB7E8D0AD18348B /* Pods.release.xcconfig */;
			buildSettings = {
				ASSETCATALOG_COMPILER_APPICON_NAME = AppIcon;
				INFOPLIST_FILE = talkingAI/Info.plist;
				LD_RUNPATH_SEARCH_PATHS = "$(inherited) @executable_path/Frameworks";
				PRODUCT_NAME = "$(TARGET_NAME)";
			};
			name = Release;
		};
		5CB59FBC1B691F6E00D28B01 /* Debug */ = {
			isa = XCBuildConfiguration;
			buildSettings = {
				BUNDLE_LOADER = "$(TEST_HOST)";
				FRAMEWORK_SEARCH_PATHS = (
					"$(SDKROOT)/Developer/Library/Frameworks",
					"$(inherited)",
				);
				GCC_PREPROCESSOR_DEFINITIONS = (
					"DEBUG=1",
					"$(inherited)",
				);
				INFOPLIST_FILE = talkingAITests/Info.plist;
				LD_RUNPATH_SEARCH_PATHS = "$(inherited) @executable_path/Frameworks @loader_path/Frameworks";
				PRODUCT_NAME = "$(TARGET_NAME)";
				TEST_HOST = "$(BUILT_PRODUCTS_DIR)/talkingAI.app/talkingAI";
			};
			name = Debug;
		};
		5CB59FBD1B691F6E00D28B01 /* Release */ = {
			isa = XCBuildConfiguration;
			buildSettings = {
				BUNDLE_LOADER = "$(TEST_HOST)";
				FRAMEWORK_SEARCH_PATHS = (
					"$(SDKROOT)/Developer/Library/Frameworks",
					"$(inherited)",
				);
				INFOPLIST_FILE = talkingAITests/Info.plist;
				LD_RUNPATH_SEARCH_PATHS = "$(inherited) @executable_path/Frameworks @loader_path/Frameworks";
				PRODUCT_NAME = "$(TARGET_NAME)";
				TEST_HOST = "$(BUILT_PRODUCTS_DIR)/talkingAI.app/talkingAI";
			};
			name = Release;
		};
/* End XCBuildConfiguration section */

/* Begin XCConfigurationList section */
		5CB59F901B691F6E00D28B01 /* Build configuration list for PBXProject "talkingAI" */ = {
			isa = XCConfigurationList;
			buildConfigurations = (
				5CB59FB61B691F6E00D28B01 /* Debug */,
				5CB59FB71B691F6E00D28B01 /* Release */,
			);
			defaultConfigurationIsVisible = 0;
			defaultConfigurationName = Release;
		};
		5CB59FB81B691F6E00D28B01 /* Build configuration list for PBXNativeTarget "talkingAI" */ = {
			isa = XCConfigurationList;
			buildConfigurations = (
				5CB59FB91B691F6E00D28B01 /* Debug */,
				5CB59FBA1B691F6E00D28B01 /* Release */,
			);
			defaultConfigurationIsVisible = 0;
			defaultConfigurationName = Release;
		};
		5CB59FBB1B691F6E00D28B01 /* Build configuration list for PBXNativeTarget "talkingAITests" */ = {
			isa = XCConfigurationList;
			buildConfigurations = (
				5CB59FBC1B691F6E00D28B01 /* Debug */,
				5CB59FBD1B691F6E00D28B01 /* Release */,
			);
			defaultConfigurationIsVisible = 0;
			defaultConfigurationName = Release;
		};
/* End XCConfigurationList section */
	};
	rootObject = 5CB59F8D1B691F6E00D28B01 /* Project object */;
}
